
Microsoft Visual Studio Solution File, Format Version 12.00
# Visual Studio Version 17
VisualStudioVersion = 17.5.33627.172
MinimumVisualStudioVersion = 10.0.40219.1
Project("{FAE04EC0-301F-11D3-BF4B-00C04F79EFBC}") = "BanHangOnline", "BanHangOnline\BanHangOnline.csproj", "{A15F9036-A3EB-4B1E-AAF4-5482B4BA2992}"
EndProject
Global
	GlobalSection(SolutionConfigurationPlatforms) = preSolution
		Debug|Any CPU = Debug|Any CPU
		Release|Any CPU = Release|Any CPU
	EndGlobalSection
	GlobalSection(ProjectConfigurationPlatforms) = postSolution
		{A15F9036-A3EB-4B1E-AAF4-5482B4BA2992}.Debug|Any CPU.ActiveCfg = Debug|Any CPU
		{A15F9036-A3EB-4B1E-AAF4-5482B4BA2992}.Debug|Any CPU.Build.0 = Debug|Any CPU
		{A15F9036-A3EB-4B1E-AAF4-5482B4BA2992}.Release|Any CPU.ActiveCfg = Release|Any CPU
		{A15F9036-A3EB-4B1E-AAF4-5482B4BA2992}.Release|Any CPU.Build.0 = Release|Any CPU
	EndGlobalSection
	GlobalSection(SolutionProperties) = preSolution
		HideSolutionNode = FALSE
	EndGlobalSection
	GlobalSection(ExtensibilityGlobals) = postSolution
		SolutionGuid = {32A1A1FD-DE91-4046-B5CF-E27E37FF71F6}
	EndGlobalSection
EndGlobal
